
Microsoft Visual Studio Solution File, Format Version 12.00
# Visual Studio Version 16
VisualStudioVersion = 16.0.31019.35
MinimumVisualStudioVersion = 10.0.40219.1
Project("{2150E333-8FDC-42A3-9474-1A3956D46DE8}") = "Source", "Source", "{0256CD96-FF49-49A9-8FCF-FB76AF082B8C}"
EndProject
Project("{2150E333-8FDC-42A3-9474-1A3956D46DE8}") = "WebApi", "WebApi", "{CF3F4C26-3927-4CB9-9F25-D14C0E0A8DCC}"
EndProject
Project("{2150E333-8FDC-42A3-9474-1A3956D46DE8}") = "Core", "Core", "{F2CB78FD-20A6-4DC4-8D49-ED7D539CE26D}"
EndProject
Project("{2150E333-8FDC-42A3-9474-1A3956D46DE8}") = "Infrastructure", "Infrastructure", "{37D1F999-0AC8-4D0F-B882-9C3BDF59BB55}"
EndProject
Project("{FAE04EC0-301F-11D3-BF4B-00C04F79EFBC}") = "JourneyControl.Infrastructure.Identity", "JourneyControl\JourneyControl.Infrastructure.Identity\JourneyControl.Infrastructure.Identity.csproj", "{4B3CBEAF-0483-4F55-98E1-C441BC12D224}"
EndProject
Project("{FAE04EC0-301F-11D3-BF4B-00C04F79EFBC}") = "JourneyControl.Infrastructure.Persistence", "JourneyControl\JourneyControl.Infrastructure.Persistence\JourneyControl.Infrastructure.Persistence.csproj", "{8D6CC4F2-E298-4576-9525-3A2015FBA42C}"
EndProject
Project("{FAE04EC0-301F-11D3-BF4B-00C04F79EFBC}") = "JourneyControl.Web", "JourneyControl.Web\JourneyControl.Web.csproj", "{293EDB0C-2D74-4ADE-9CFB-E887DFAD8E3B}"
EndProject
Project("{FAE04EC0-301F-11D3-BF4B-00C04F79EFBC}") = "JourneyControl.Logic", "JourneyControl.Logic\JourneyControl.Logic.csproj", "{3D4AF857-BDDC-471E-9429-1091CE48A4C8}"
EndProject
Global
	GlobalSection(SolutionConfigurationPlatforms) = preSolution
		Debug|Any CPU = Debug|Any CPU
		Release|Any CPU = Release|Any CPU
	EndGlobalSection
	GlobalSection(ProjectConfigurationPlatforms) = postSolution
		{4B3CBEAF-0483-4F55-98E1-C441BC12D224}.Debug|Any CPU.ActiveCfg = Debug|Any CPU
		{4B3CBEAF-0483-4F55-98E1-C441BC12D224}.Debug|Any CPU.Build.0 = Debug|Any CPU
		{4B3CBEAF-0483-4F55-98E1-C441BC12D224}.Release|Any CPU.ActiveCfg = Release|Any CPU
		{4B3CBEAF-0483-4F55-98E1-C441BC12D224}.Release|Any CPU.Build.0 = Release|Any CPU
		{8D6CC4F2-E298-4576-9525-3A2015FBA42C}.Debug|Any CPU.ActiveCfg = Debug|Any CPU
		{8D6CC4F2-E298-4576-9525-3A2015FBA42C}.Debug|Any CPU.Build.0 = Debug|Any CPU
		{8D6CC4F2-E298-4576-9525-3A2015FBA42C}.Release|Any CPU.ActiveCfg = Release|Any CPU
		{8D6CC4F2-E298-4576-9525-3A2015FBA42C}.Release|Any CPU.Build.0 = Release|Any CPU
		{293EDB0C-2D74-4ADE-9CFB-E887DFAD8E3B}.Debug|Any CPU.ActiveCfg = Debug|Any CPU
		{293EDB0C-2D74-4ADE-9CFB-E887DFAD8E3B}.Debug|Any CPU.Build.0 = Debug|Any CPU
		{293EDB0C-2D74-4ADE-9CFB-E887DFAD8E3B}.Release|Any CPU.ActiveCfg = Release|Any CPU
		{293EDB0C-2D74-4ADE-9CFB-E887DFAD8E3B}.Release|Any CPU.Build.0 = Release|Any CPU
		{3D4AF857-BDDC-471E-9429-1091CE48A4C8}.Debug|Any CPU.ActiveCfg = Debug|Any CPU
		{3D4AF857-BDDC-471E-9429-1091CE48A4C8}.Debug|Any CPU.Build.0 = Debug|Any CPU
		{3D4AF857-BDDC-471E-9429-1091CE48A4C8}.Release|Any CPU.ActiveCfg = Release|Any CPU
		{3D4AF857-BDDC-471E-9429-1091CE48A4C8}.Release|Any CPU.Build.0 = Release|Any CPU
	EndGlobalSection
	GlobalSection(SolutionProperties) = preSolution
		HideSolutionNode = FALSE
	EndGlobalSection
	GlobalSection(NestedProjects) = preSolution
		{CF3F4C26-3927-4CB9-9F25-D14C0E0A8DCC} = {0256CD96-FF49-49A9-8FCF-FB76AF082B8C}
		{F2CB78FD-20A6-4DC4-8D49-ED7D539CE26D} = {0256CD96-FF49-49A9-8FCF-FB76AF082B8C}
		{37D1F999-0AC8-4D0F-B882-9C3BDF59BB55} = {0256CD96-FF49-49A9-8FCF-FB76AF082B8C}
		{4B3CBEAF-0483-4F55-98E1-C441BC12D224} = {37D1F999-0AC8-4D0F-B882-9C3BDF59BB55}
		{8D6CC4F2-E298-4576-9525-3A2015FBA42C} = {37D1F999-0AC8-4D0F-B882-9C3BDF59BB55}
		{293EDB0C-2D74-4ADE-9CFB-E887DFAD8E3B} = {CF3F4C26-3927-4CB9-9F25-D14C0E0A8DCC}
		{3D4AF857-BDDC-471E-9429-1091CE48A4C8} = {F2CB78FD-20A6-4DC4-8D49-ED7D539CE26D}
	EndGlobalSection
	GlobalSection(ExtensibilityGlobals) = postSolution
		SolutionGuid = {0E5AC640-DA12-4CAB-AC9C-7EB9BFAABCC0}
	EndGlobalSection
EndGlobal
